{
  "amethyst": "401665cc5c220eadab15f2c50c9cef7acce352da",
  "mime": "bb69613b93dd059f68d1b508a31f83ca6c8eaace",
  "amethyst-model": "40f3ace5a712ae0a2566e20988bbf395aa6d9471",
  "mysql": "410046b8566a008371d16dcf51820fe9e18e43c4",
  "pg": "8e60c969aa586ae47b08692238cd5fd165833747",
  "sqlite3": "3125ad01919bb80a56ceb5703bae03d1bbc93a16"
}
